
Microsoft Visual Studio Solution File, Format Version 12.00
# Visual Studio 15
VisualStudioVersion = 15.0.27428.2015
MinimumVisualStudioVersion = 10.0.40219.1
Project("{FAE04EC0-301F-11D3-BF4B-00C04F79EFBC}") = "iQueOoTSaveEditor", "OoTSaveEditor\iQueOoTSaveEditor.csproj", "{5D96B22A-4C74-4E0C-9925-F6B310BB7400}"
EndProject
Global
	GlobalSection(SolutionConfigurationPlatforms) = preSolution
		Debug|x86 = Debug|x86
		Release|x86 = Release|x86
	EndGlobalSection
	GlobalSection(ProjectConfigurationPlatforms) = postSolution
		{5D96B22A-4C74-4E0C-9925-F6B310BB7400}.Debug|x86.ActiveCfg = Debug|x86
		{5D96B22A-4C74-4E0C-9925-F6B310BB7400}.Debug|x86.Build.0 = Debug|x86
		{5D96B22A-4C74-4E0C-9925-F6B310BB7400}.Release|x86.ActiveCfg = Release|x86
		{5D96B22A-4C74-4E0C-9925-F6B310BB7400}.Release|x86.Build.0 = Release|x86
	EndGlobalSection
	GlobalSection(SolutionProperties) = preSolution
		HideSolutionNode = FALSE
	EndGlobalSection
	GlobalSection(ExtensibilityGlobals) = postSolution
		SolutionGuid = {C5FB1826-1051-4914-86E4-E0EE449CDC84}
	EndGlobalSection
EndGlobal
